
Microsoft Visual Studio Solution File, Format Version 12.00
# Visual Studio Version 17
VisualStudioVersion = 17.13.35806.99
MinimumVisualStudioVersion = 10.0.40219.1
Project("{FAE04EC0-301F-11D3-BF4B-00C04F79EFBC}") = "AuthenticationApp", "AuthenticationApp\AuthenticationApp.csproj", "{6B0ED265-058E-4C21-AB96-12A7B6E602FD}"
EndProject
Project("{FAE04EC0-301F-11D3-BF4B-00C04F79EFBC}") = "AuthenticationApp.Tests", "AuthenticationApp.Tests\AuthenticationApp.Tests.csproj", "{1EF18419-AA75-431A-A5D7-18349AEBB869}"
EndProject
Project("{FAE04EC0-301F-11D3-BF4B-00C04F79EFBC}") = "AuthenticationApp.AzureFunc.EmailLogin", "AuthenticationApp.AzureFunc.EmailLogin\AuthenticationApp.AzureFunc.EmailLogin.csproj", "{6215F161-31A1-4B7C-A92C-56884A6593AF}"
EndProject
Global
	GlobalSection(SolutionConfigurationPlatforms) = preSolution
		Debug|Any CPU = Debug|Any CPU
		Release|Any CPU = Release|Any CPU
	EndGlobalSection
	GlobalSection(ProjectConfigurationPlatforms) = postSolution
		{6B0ED265-058E-4C21-AB96-12A7B6E602FD}.Debug|Any CPU.ActiveCfg = Debug|Any CPU
		{6B0ED265-058E-4C21-AB96-12A7B6E602FD}.Debug|Any CPU.Build.0 = Debug|Any CPU
		{6B0ED265-058E-4C21-AB96-12A7B6E602FD}.Release|Any CPU.ActiveCfg = Release|Any CPU
		{6B0ED265-058E-4C21-AB96-12A7B6E602FD}.Release|Any CPU.Build.0 = Release|Any CPU
		{1EF18419-AA75-431A-A5D7-18349AEBB869}.Debug|Any CPU.ActiveCfg = Debug|Any CPU
		{1EF18419-AA75-431A-A5D7-18349AEBB869}.Debug|Any CPU.Build.0 = Debug|Any CPU
		{1EF18419-AA75-431A-A5D7-18349AEBB869}.Release|Any CPU.ActiveCfg = Release|Any CPU
		{1EF18419-AA75-431A-A5D7-18349AEBB869}.Release|Any CPU.Build.0 = Release|Any CPU
		{6215F161-31A1-4B7C-A92C-56884A6593AF}.Debug|Any CPU.ActiveCfg = Debug|Any CPU
		{6215F161-31A1-4B7C-A92C-56884A6593AF}.Debug|Any CPU.Build.0 = Debug|Any CPU
		{6215F161-31A1-4B7C-A92C-56884A6593AF}.Release|Any CPU.ActiveCfg = Release|Any CPU
		{6215F161-31A1-4B7C-A92C-56884A6593AF}.Release|Any CPU.Build.0 = Release|Any CPU
	EndGlobalSection
	GlobalSection(SolutionProperties) = preSolution
		HideSolutionNode = FALSE
	EndGlobalSection
	GlobalSection(ExtensibilityGlobals) = postSolution
		SolutionGuid = {30AA1F13-456A-462F-9BE6-952AD5CA43EA}
	EndGlobalSection
EndGlobal
